
Microsoft Visual Studio Solution File, Format Version 12.00
# Visual Studio Version 17
VisualStudioVersion = 17.3.32811.315
MinimumVisualStudioVersion = 10.0.40219.1
Project("{FAE04EC0-301F-11D3-BF4B-00C04F79EFBC}") = "ProjetoIFSP", "ProjetoIFSP\ProjetoIFSP.csproj", "{C7C00D21-722C-4AB5-95E3-FD66720A1811}"
EndProject
Global
	GlobalSection(SolutionConfigurationPlatforms) = preSolution
		Debug|Any CPU = Debug|Any CPU
		Release|Any CPU = Release|Any CPU
	EndGlobalSection
	GlobalSection(ProjectConfigurationPlatforms) = postSolution
		{C7C00D21-722C-4AB5-95E3-FD66720A1811}.Debug|Any CPU.ActiveCfg = Debug|Any CPU
		{C7C00D21-722C-4AB5-95E3-FD66720A1811}.Debug|Any CPU.Build.0 = Debug|Any CPU
		{C7C00D21-722C-4AB5-95E3-FD66720A1811}.Release|Any CPU.ActiveCfg = Release|Any CPU
		{C7C00D21-722C-4AB5-95E3-FD66720A1811}.Release|Any CPU.Build.0 = Release|Any CPU
	EndGlobalSection
	GlobalSection(SolutionProperties) = preSolution
		HideSolutionNode = FALSE
	EndGlobalSection
	GlobalSection(ExtensibilityGlobals) = postSolution
		SolutionGuid = {C4A29645-74C7-47A7-970E-FF443D9B01BD}
	EndGlobalSection
EndGlobal
