
Microsoft Visual Studio Solution File, Format Version 12.00
# Visual Studio Version 17
VisualStudioVersion = 17.4.33213.308
MinimumVisualStudioVersion = 10.0.40219.1
Project("{FAE04EC0-301F-11D3-BF4B-00C04F79EFBC}") = "Lista02", "Lista02\Lista02.csproj", "{D36CE1BB-5467-407A-A404-A8288C8D277A}"
EndProject
Global
	GlobalSection(SolutionConfigurationPlatforms) = preSolution
		Debug|Any CPU = Debug|Any CPU
		Release|Any CPU = Release|Any CPU
	EndGlobalSection
	GlobalSection(ProjectConfigurationPlatforms) = postSolution
		{D36CE1BB-5467-407A-A404-A8288C8D277A}.Debug|Any CPU.ActiveCfg = Debug|Any CPU
		{D36CE1BB-5467-407A-A404-A8288C8D277A}.Debug|Any CPU.Build.0 = Debug|Any CPU
		{D36CE1BB-5467-407A-A404-A8288C8D277A}.Release|Any CPU.ActiveCfg = Release|Any CPU
		{D36CE1BB-5467-407A-A404-A8288C8D277A}.Release|Any CPU.Build.0 = Release|Any CPU
	EndGlobalSection
	GlobalSection(SolutionProperties) = preSolution
		HideSolutionNode = FALSE
	EndGlobalSection
	GlobalSection(ExtensibilityGlobals) = postSolution
		SolutionGuid = {7BE53CD4-A094-4FD0-9ADA-E4DB649FD38B}
	EndGlobalSection
EndGlobal
